
Microsoft Visual Studio Solution File, Format Version 12.00
# Visual Studio Version 17
VisualStudioVersion = 17.3.32825.248
MinimumVisualStudioVersion = 10.0.40219.1
Project("{9A19103F-16F7-4668-BE54-9A1E7A4F7556}") = "Gateway", "Gateway\Gateway.csproj", "{13CC9255-0148-4016-91F6-E663E9F0A9B7}"
EndProject
Project("{2150E333-8FDC-42A3-9474-1A3956D46DE8}") = "Grpc", "Grpc", "{E355260C-98CF-4BFF-9FED-AA92D3049BE3}"
EndProject
Project("{2150E333-8FDC-42A3-9474-1A3956D46DE8}") = "Services", "Services", "{B4D9B4EA-83F4-48B8-8FD3-C5CFB3E474C0}"
EndProject
Project("{9A19103F-16F7-4668-BE54-9A1E7A4F7556}") = "_Common.Domain", "Services\_Common\_Common.Domain\_Common.Domain.csproj", "{D9597E6B-6BA5-445B-9C34-D42C3AD15B4A}"
EndProject
Project("{2150E333-8FDC-42A3-9474-1A3956D46DE8}") = "_Common", "_Common", "{0DECF728-FA54-43A2-8BED-FB7F2EF4085A}"
EndProject
Project("{2150E333-8FDC-42A3-9474-1A3956D46DE8}") = "UserCottage", "UserCottage", "{B64297A8-4C37-4864-9624-3630576891A0}"
EndProject
Project("{9A19103F-16F7-4668-BE54-9A1E7A4F7556}") = "UserCottage.Domain", "Services\UserCottage\UserCottage.Domain\UserCottage.Domain.csproj", "{7921F5DE-C00B-4CDD-9A97-54D2B07DD8DE}"
EndProject
Project("{9A19103F-16F7-4668-BE54-9A1E7A4F7556}") = "UserCottage.Infrastructure", "Services\UserCottage\UserCottage.Infrastructure\UserCottage.Infrastructure.csproj", "{C4B25875-489A-41A4-824E-EBC10DBDA167}"
EndProject
Project("{9A19103F-16F7-4668-BE54-9A1E7A4F7556}") = "UserCottage.Application", "Services\UserCottage\UserCottage.Application\UserCottage.Application.csproj", "{DB858303-AF28-426E-AC32-8A526BB00D8A}"
EndProject
Project("{9A19103F-16F7-4668-BE54-9A1E7A4F7556}") = "UserCottage.Api", "Services\UserCottage\UserCottage.Api\UserCottage.Api.csproj", "{2969582A-EEA7-41B3-B3A4-A8E33CC22919}"
EndProject
Project("{2150E333-8FDC-42A3-9474-1A3956D46DE8}") = "Booking", "Booking", "{BA035F83-572A-4B1C-8BE2-74A34550F15D}"
EndProject
Project("{9A19103F-16F7-4668-BE54-9A1E7A4F7556}") = "Booking.Domain", "Services\Booking\Booking.Domain\Booking.Domain.csproj", "{7B77B780-B88F-404E-88B7-1AA8324786AA}"
EndProject
Project("{9A19103F-16F7-4668-BE54-9A1E7A4F7556}") = "Booking.Application", "Services\Booking\Booking.Application\Booking.Application.csproj", "{46A8B253-D2EF-4D82-A735-41745D5E8E1D}"
EndProject
Project("{9A19103F-16F7-4668-BE54-9A1E7A4F7556}") = "Booking.Infrastructure", "Services\Booking\Booking.Infrastructure\Booking.Infrastructure.csproj", "{053596E7-EDA8-4505-8AE8-67088F511178}"
EndProject
Project("{9A19103F-16F7-4668-BE54-9A1E7A4F7556}") = "Booking.Api", "Services\Booking\Booking.Api\Booking.Api.csproj", "{0C4F9272-A778-4D81-A4BB-921D8BBA4EE6}"
EndProject
Project("{2150E333-8FDC-42A3-9474-1A3956D46DE8}") = "Authentication", "Authentication", "{92DCACC3-4BF0-4AF8-8525-3E632F635E78}"
EndProject
Project("{9A19103F-16F7-4668-BE54-9A1E7A4F7556}") = "Authentication.Domain", "Services\Authentication\Authentication.Domain\Authentication.Domain.csproj", "{4C5AA409-1480-4ED5-8FD5-40EDD13BCFF0}"
EndProject
Project("{9A19103F-16F7-4668-BE54-9A1E7A4F7556}") = "Authentication.Infrastructure", "Services\Authentication\Authentication.Infrastructure\Authentication.Infrastructure.csproj", "{2F37EDCE-7EBF-44A8-8D9D-426E8A19EB43}"
EndProject
Project("{9A19103F-16F7-4668-BE54-9A1E7A4F7556}") = "Authentication.Application", "Services\Authentication\Authentication.Application\Authentication.Application.csproj", "{21521EC9-1B6E-4B03-97BC-67AEB40652AA}"
EndProject
Project("{9A19103F-16F7-4668-BE54-9A1E7A4F7556}") = "Authentication.Api", "Services\Authentication\Authentication.Api\Authentication.Api.csproj", "{31DD584F-4E12-4F96-A89B-EE65F5FF5690}"
EndProject
Project("{9A19103F-16F7-4668-BE54-9A1E7A4F7556}") = "_Common.Data", "Services\_Common\_Common.Data\_Common.Data.csproj", "{2FACBAEB-BCCF-4355-936B-CE23134B52EB}"
EndProject
Project("{9A19103F-16F7-4668-BE54-9A1E7A4F7556}") = "_Common.Exception", "Services\_Common\_Common.Exception\_Common.Exception.csproj", "{2BDA80A6-944F-4250-9DF7-41DCCA3F97A1}"
EndProject
Project("{9A19103F-16F7-4668-BE54-9A1E7A4F7556}") = "_Common.Infrastructure", "Services\_Common\_Common.Infrastructure\_Common.Infrastructure.csproj", "{6C402F3B-CCCA-4A87-88B7-343F1FC74E06}"
EndProject
Project("{9A19103F-16F7-4668-BE54-9A1E7A4F7556}") = "UserCottageContract", "Grpc\UserCottageContract\UserCottageContract\UserCottageContract.csproj", "{320AA95D-051E-4E79-ADC1-C13C9F971A7B}"
EndProject
Project("{2150E333-8FDC-42A3-9474-1A3956D46DE8}") = "_Common", "_Common", "{C92C5096-E41E-4A00-AFBB-7704149EA0BE}"
EndProject
Project("{9A19103F-16F7-4668-BE54-9A1E7A4F7556}") = "_Common.Grpc", "Grpc\_Common\_Common.Grpc\_Common.Grpc.csproj", "{D856D6A8-29D8-4633-BE63-5D15FD4E53B8}"
EndProject
Project("{9A19103F-16F7-4668-BE54-9A1E7A4F7556}") = "_Common.Api", "Services\_Common\_Common.Api\_Common.Api.csproj", "{E1CC2B32-0FC4-45F0-8508-D0B2777C486D}"
EndProject
Project("{9A19103F-16F7-4668-BE54-9A1E7A4F7556}") = "AuthenticationContract", "Grpc\UserCottageContract\AuthenticationContract\AuthenticationContract.csproj", "{A60A1197-6306-459B-849C-E194C590FB95}"
EndProject
Project("{2150E333-8FDC-42A3-9474-1A3956D46DE8}") = "Solution Items", "Solution Items", "{807D0A8F-0795-49D8-8F0A-280CFF3FB613}"
	ProjectSection(SolutionItems) = preProject
		.editorconfig = .editorconfig
	EndProjectSection
EndProject
Project("{FAE04EC0-301F-11D3-BF4B-00C04F79EFBC}") = "BookingContract", "Grpc\BookingContract\BookingContract.csproj", "{9C139F97-648A-44AF-BD15-B4613B5AF418}"
EndProject
Global
	GlobalSection(SolutionConfigurationPlatforms) = preSolution
		Debug|Any CPU = Debug|Any CPU
		Release|Any CPU = Release|Any CPU
	EndGlobalSection
	GlobalSection(ProjectConfigurationPlatforms) = postSolution
		{13CC9255-0148-4016-91F6-E663E9F0A9B7}.Debug|Any CPU.ActiveCfg = Debug|Any CPU
		{13CC9255-0148-4016-91F6-E663E9F0A9B7}.Debug|Any CPU.Build.0 = Debug|Any CPU
		{13CC9255-0148-4016-91F6-E663E9F0A9B7}.Release|Any CPU.ActiveCfg = Release|Any CPU
		{13CC9255-0148-4016-91F6-E663E9F0A9B7}.Release|Any CPU.Build.0 = Release|Any CPU
		{D9597E6B-6BA5-445B-9C34-D42C3AD15B4A}.Debug|Any CPU.ActiveCfg = Debug|Any CPU
		{D9597E6B-6BA5-445B-9C34-D42C3AD15B4A}.Debug|Any CPU.Build.0 = Debug|Any CPU
		{D9597E6B-6BA5-445B-9C34-D42C3AD15B4A}.Release|Any CPU.ActiveCfg = Release|Any CPU
		{D9597E6B-6BA5-445B-9C34-D42C3AD15B4A}.Release|Any CPU.Build.0 = Release|Any CPU
		{7921F5DE-C00B-4CDD-9A97-54D2B07DD8DE}.Debug|Any CPU.ActiveCfg = Debug|Any CPU
		{7921F5DE-C00B-4CDD-9A97-54D2B07DD8DE}.Debug|Any CPU.Build.0 = Debug|Any CPU
		{7921F5DE-C00B-4CDD-9A97-54D2B07DD8DE}.Release|Any CPU.ActiveCfg = Release|Any CPU
		{7921F5DE-C00B-4CDD-9A97-54D2B07DD8DE}.Release|Any CPU.Build.0 = Release|Any CPU
		{C4B25875-489A-41A4-824E-EBC10DBDA167}.Debug|Any CPU.ActiveCfg = Debug|Any CPU
		{C4B25875-489A-41A4-824E-EBC10DBDA167}.Debug|Any CPU.Build.0 = Debug|Any CPU
		{C4B25875-489A-41A4-824E-EBC10DBDA167}.Release|Any CPU.ActiveCfg = Release|Any CPU
		{C4B25875-489A-41A4-824E-EBC10DBDA167}.Release|Any CPU.Build.0 = Release|Any CPU
		{DB858303-AF28-426E-AC32-8A526BB00D8A}.Debug|Any CPU.ActiveCfg = Debug|Any CPU
		{DB858303-AF28-426E-AC32-8A526BB00D8A}.Debug|Any CPU.Build.0 = Debug|Any CPU
		{DB858303-AF28-426E-AC32-8A526BB00D8A}.Release|Any CPU.ActiveCfg = Release|Any CPU
		{DB858303-AF28-426E-AC32-8A526BB00D8A}.Release|Any CPU.Build.0 = Release|Any CPU
		{2969582A-EEA7-41B3-B3A4-A8E33CC22919}.Debug|Any CPU.ActiveCfg = Debug|Any CPU
		{2969582A-EEA7-41B3-B3A4-A8E33CC22919}.Debug|Any CPU.Build.0 = Debug|Any CPU
		{2969582A-EEA7-41B3-B3A4-A8E33CC22919}.Release|Any CPU.ActiveCfg = Release|Any CPU
		{2969582A-EEA7-41B3-B3A4-A8E33CC22919}.Release|Any CPU.Build.0 = Release|Any CPU
		{7B77B780-B88F-404E-88B7-1AA8324786AA}.Debug|Any CPU.ActiveCfg = Debug|Any CPU
		{7B77B780-B88F-404E-88B7-1AA8324786AA}.Debug|Any CPU.Build.0 = Debug|Any CPU
		{7B77B780-B88F-404E-88B7-1AA8324786AA}.Release|Any CPU.ActiveCfg = Release|Any CPU
		{7B77B780-B88F-404E-88B7-1AA8324786AA}.Release|Any CPU.Build.0 = Release|Any CPU
		{46A8B253-D2EF-4D82-A735-41745D5E8E1D}.Debug|Any CPU.ActiveCfg = Debug|Any CPU
		{46A8B253-D2EF-4D82-A735-41745D5E8E1D}.Debug|Any CPU.Build.0 = Debug|Any CPU
		{46A8B253-D2EF-4D82-A735-41745D5E8E1D}.Release|Any CPU.ActiveCfg = Release|Any CPU
		{46A8B253-D2EF-4D82-A735-41745D5E8E1D}.Release|Any CPU.Build.0 = Release|Any CPU
		{053596E7-EDA8-4505-8AE8-67088F511178}.Debug|Any CPU.ActiveCfg = Debug|Any CPU
		{053596E7-EDA8-4505-8AE8-67088F511178}.Debug|Any CPU.Build.0 = Debug|Any CPU
		{053596E7-EDA8-4505-8AE8-67088F511178}.Release|Any CPU.ActiveCfg = Release|Any CPU
		{053596E7-EDA8-4505-8AE8-67088F511178}.Release|Any CPU.Build.0 = Release|Any CPU
		{0C4F9272-A778-4D81-A4BB-921D8BBA4EE6}.Debug|Any CPU.ActiveCfg = Debug|Any CPU
		{0C4F9272-A778-4D81-A4BB-921D8BBA4EE6}.Debug|Any CPU.Build.0 = Debug|Any CPU
		{0C4F9272-A778-4D81-A4BB-921D8BBA4EE6}.Release|Any CPU.ActiveCfg = Release|Any CPU
		{0C4F9272-A778-4D81-A4BB-921D8BBA4EE6}.Release|Any CPU.Build.0 = Release|Any CPU
		{4C5AA409-1480-4ED5-8FD5-40EDD13BCFF0}.Debug|Any CPU.ActiveCfg = Debug|Any CPU
		{4C5AA409-1480-4ED5-8FD5-40EDD13BCFF0}.Debug|Any CPU.Build.0 = Debug|Any CPU
		{4C5AA409-1480-4ED5-8FD5-40EDD13BCFF0}.Release|Any CPU.ActiveCfg = Release|Any CPU
		{4C5AA409-1480-4ED5-8FD5-40EDD13BCFF0}.Release|Any CPU.Build.0 = Release|Any CPU
		{2F37EDCE-7EBF-44A8-8D9D-426E8A19EB43}.Debug|Any CPU.ActiveCfg = Debug|Any CPU
		{2F37EDCE-7EBF-44A8-8D9D-426E8A19EB43}.Debug|Any CPU.Build.0 = Debug|Any CPU
		{2F37EDCE-7EBF-44A8-8D9D-426E8A19EB43}.Release|Any CPU.ActiveCfg = Release|Any CPU
		{2F37EDCE-7EBF-44A8-8D9D-426E8A19EB43}.Release|Any CPU.Build.0 = Release|Any CPU
		{21521EC9-1B6E-4B03-97BC-67AEB40652AA}.Debug|Any CPU.ActiveCfg = Debug|Any CPU
		{21521EC9-1B6E-4B03-97BC-67AEB40652AA}.Debug|Any CPU.Build.0 = Debug|Any CPU
		{21521EC9-1B6E-4B03-97BC-67AEB40652AA}.Release|Any CPU.ActiveCfg = Release|Any CPU
		{21521EC9-1B6E-4B03-97BC-67AEB40652AA}.Release|Any CPU.Build.0 = Release|Any CPU
		{31DD584F-4E12-4F96-A89B-EE65F5FF5690}.Debug|Any CPU.ActiveCfg = Debug|Any CPU
		{31DD584F-4E12-4F96-A89B-EE65F5FF5690}.Debug|Any CPU.Build.0 = Debug|Any CPU
		{31DD584F-4E12-4F96-A89B-EE65F5FF5690}.Release|Any CPU.ActiveCfg = Release|Any CPU
		{31DD584F-4E12-4F96-A89B-EE65F5FF5690}.Release|Any CPU.Build.0 = Release|Any CPU
		{2FACBAEB-BCCF-4355-936B-CE23134B52EB}.Debug|Any CPU.ActiveCfg = Debug|Any CPU
		{2FACBAEB-BCCF-4355-936B-CE23134B52EB}.Debug|Any CPU.Build.0 = Debug|Any CPU
		{2FACBAEB-BCCF-4355-936B-CE23134B52EB}.Release|Any CPU.ActiveCfg = Release|Any CPU
		{2FACBAEB-BCCF-4355-936B-CE23134B52EB}.Release|Any CPU.Build.0 = Release|Any CPU
		{2BDA80A6-944F-4250-9DF7-41DCCA3F97A1}.Debug|Any CPU.ActiveCfg = Debug|Any CPU
		{2BDA80A6-944F-4250-9DF7-41DCCA3F97A1}.Debug|Any CPU.Build.0 = Debug|Any CPU
		{2BDA80A6-944F-4250-9DF7-41DCCA3F97A1}.Release|Any CPU.ActiveCfg = Release|Any CPU
		{2BDA80A6-944F-4250-9DF7-41DCCA3F97A1}.Release|Any CPU.Build.0 = Release|Any CPU
		{6C402F3B-CCCA-4A87-88B7-343F1FC74E06}.Debug|Any CPU.ActiveCfg = Debug|Any CPU
		{6C402F3B-CCCA-4A87-88B7-343F1FC74E06}.Debug|Any CPU.Build.0 = Debug|Any CPU
		{6C402F3B-CCCA-4A87-88B7-343F1FC74E06}.Release|Any CPU.ActiveCfg = Release|Any CPU
		{6C402F3B-CCCA-4A87-88B7-343F1FC74E06}.Release|Any CPU.Build.0 = Release|Any CPU
		{320AA95D-051E-4E79-ADC1-C13C9F971A7B}.Debug|Any CPU.ActiveCfg = Debug|Any CPU
		{320AA95D-051E-4E79-ADC1-C13C9F971A7B}.Debug|Any CPU.Build.0 = Debug|Any CPU
		{320AA95D-051E-4E79-ADC1-C13C9F971A7B}.Release|Any CPU.ActiveCfg = Release|Any CPU
		{320AA95D-051E-4E79-ADC1-C13C9F971A7B}.Release|Any CPU.Build.0 = Release|Any CPU
		{D856D6A8-29D8-4633-BE63-5D15FD4E53B8}.Debug|Any CPU.ActiveCfg = Debug|Any CPU
		{D856D6A8-29D8-4633-BE63-5D15FD4E53B8}.Debug|Any CPU.Build.0 = Debug|Any CPU
		{D856D6A8-29D8-4633-BE63-5D15FD4E53B8}.Release|Any CPU.ActiveCfg = Release|Any CPU
		{D856D6A8-29D8-4633-BE63-5D15FD4E53B8}.Release|Any CPU.Build.0 = Release|Any CPU
		{E1CC2B32-0FC4-45F0-8508-D0B2777C486D}.Debug|Any CPU.ActiveCfg = Debug|Any CPU
		{E1CC2B32-0FC4-45F0-8508-D0B2777C486D}.Debug|Any CPU.Build.0 = Debug|Any CPU
		{E1CC2B32-0FC4-45F0-8508-D0B2777C486D}.Release|Any CPU.ActiveCfg = Release|Any CPU
		{E1CC2B32-0FC4-45F0-8508-D0B2777C486D}.Release|Any CPU.Build.0 = Release|Any CPU
		{A60A1197-6306-459B-849C-E194C590FB95}.Debug|Any CPU.ActiveCfg = Debug|Any CPU
		{A60A1197-6306-459B-849C-E194C590FB95}.Debug|Any CPU.Build.0 = Debug|Any CPU
		{A60A1197-6306-459B-849C-E194C590FB95}.Release|Any CPU.ActiveCfg = Release|Any CPU
		{A60A1197-6306-459B-849C-E194C590FB95}.Release|Any CPU.Build.0 = Release|Any CPU
		{9C139F97-648A-44AF-BD15-B4613B5AF418}.Debug|Any CPU.ActiveCfg = Debug|Any CPU
		{9C139F97-648A-44AF-BD15-B4613B5AF418}.Debug|Any CPU.Build.0 = Debug|Any CPU
		{9C139F97-648A-44AF-BD15-B4613B5AF418}.Release|Any CPU.ActiveCfg = Release|Any CPU
		{9C139F97-648A-44AF-BD15-B4613B5AF418}.Release|Any CPU.Build.0 = Release|Any CPU
	EndGlobalSection
	GlobalSection(SolutionProperties) = preSolution
		HideSolutionNode = FALSE
	EndGlobalSection
	GlobalSection(NestedProjects) = preSolution
		{D9597E6B-6BA5-445B-9C34-D42C3AD15B4A} = {0DECF728-FA54-43A2-8BED-FB7F2EF4085A}
		{0DECF728-FA54-43A2-8BED-FB7F2EF4085A} = {B4D9B4EA-83F4-48B8-8FD3-C5CFB3E474C0}
		{B64297A8-4C37-4864-9624-3630576891A0} = {B4D9B4EA-83F4-48B8-8FD3-C5CFB3E474C0}
		{7921F5DE-C00B-4CDD-9A97-54D2B07DD8DE} = {B64297A8-4C37-4864-9624-3630576891A0}
		{C4B25875-489A-41A4-824E-EBC10DBDA167} = {B64297A8-4C37-4864-9624-3630576891A0}
		{DB858303-AF28-426E-AC32-8A526BB00D8A} = {B64297A8-4C37-4864-9624-3630576891A0}
		{2969582A-EEA7-41B3-B3A4-A8E33CC22919} = {B64297A8-4C37-4864-9624-3630576891A0}
		{BA035F83-572A-4B1C-8BE2-74A34550F15D} = {B4D9B4EA-83F4-48B8-8FD3-C5CFB3E474C0}
		{7B77B780-B88F-404E-88B7-1AA8324786AA} = {BA035F83-572A-4B1C-8BE2-74A34550F15D}
		{46A8B253-D2EF-4D82-A735-41745D5E8E1D} = {BA035F83-572A-4B1C-8BE2-74A34550F15D}
		{053596E7-EDA8-4505-8AE8-67088F511178} = {BA035F83-572A-4B1C-8BE2-74A34550F15D}
		{0C4F9272-A778-4D81-A4BB-921D8BBA4EE6} = {BA035F83-572A-4B1C-8BE2-74A34550F15D}
		{92DCACC3-4BF0-4AF8-8525-3E632F635E78} = {B4D9B4EA-83F4-48B8-8FD3-C5CFB3E474C0}
		{4C5AA409-1480-4ED5-8FD5-40EDD13BCFF0} = {92DCACC3-4BF0-4AF8-8525-3E632F635E78}
		{2F37EDCE-7EBF-44A8-8D9D-426E8A19EB43} = {92DCACC3-4BF0-4AF8-8525-3E632F635E78}
		{21521EC9-1B6E-4B03-97BC-67AEB40652AA} = {92DCACC3-4BF0-4AF8-8525-3E632F635E78}
		{31DD584F-4E12-4F96-A89B-EE65F5FF5690} = {92DCACC3-4BF0-4AF8-8525-3E632F635E78}
		{2FACBAEB-BCCF-4355-936B-CE23134B52EB} = {0DECF728-FA54-43A2-8BED-FB7F2EF4085A}
		{2BDA80A6-944F-4250-9DF7-41DCCA3F97A1} = {0DECF728-FA54-43A2-8BED-FB7F2EF4085A}
		{6C402F3B-CCCA-4A87-88B7-343F1FC74E06} = {0DECF728-FA54-43A2-8BED-FB7F2EF4085A}
		{320AA95D-051E-4E79-ADC1-C13C9F971A7B} = {E355260C-98CF-4BFF-9FED-AA92D3049BE3}
		{C92C5096-E41E-4A00-AFBB-7704149EA0BE} = {E355260C-98CF-4BFF-9FED-AA92D3049BE3}
		{D856D6A8-29D8-4633-BE63-5D15FD4E53B8} = {C92C5096-E41E-4A00-AFBB-7704149EA0BE}
		{E1CC2B32-0FC4-45F0-8508-D0B2777C486D} = {0DECF728-FA54-43A2-8BED-FB7F2EF4085A}
		{A60A1197-6306-459B-849C-E194C590FB95} = {E355260C-98CF-4BFF-9FED-AA92D3049BE3}
		{9C139F97-648A-44AF-BD15-B4613B5AF418} = {E355260C-98CF-4BFF-9FED-AA92D3049BE3}
	EndGlobalSection
	GlobalSection(ExtensibilityGlobals) = postSolution
		SolutionGuid = {1A223FA4-CEF2-4E04-8DCC-898EFF442BEE}
	EndGlobalSection
EndGlobal
